{
  "originHash" : "fdf7f47715cea91f6def1641912869deb0723c8e0033840d03bb159e0ce166f3",
  "pins" : [
    {
      "identity" : "flexstore",
      "kind" : "remoteSourceControl",
      "location" : "https://github.com/gomez1112/FlexStore",
      "state" : {
        "revision" : "27338bd0020b216c74a011a4fb520784ae392a1c",
        "version" : "1.2.0"
      }
    },
    {
      "identity" : "onboardingkit",
      "kind" : "remoteSourceControl",
      "location" : "https://github.com/gomez1112/OnboardingKit",
      "state" : {
        "branch" : "main",
        "revision" : "db0a2bce55d2b22e83a6100a6d58874c9b03873a"
      }
    }
  ],
  "version" : 3
}
