{
  "originHash" : "011cf0d4734fc71ac5e2a8aee452ea6f064e291b24b744a514f1f7b0f53fb1c5",
  "pins" : [
    {
      "identity" : "flexstore",
      "kind" : "remoteSourceControl",
      "location" : "https://github.com/gomez1112/FlexStore",
      "state" : {
        "revision" : "47dff9c5864c147fdfa794354bb484afb2b8e13c",
        "version" : "1.1.1"
      }
    },
    {
      "identity" : "onboardingkit",
      "kind" : "remoteSourceControl",
      "location" : "https://github.com/gomez1112/OnboardingKit",
      "state" : {
        "branch" : "main",
        "revision" : "db0a2bce55d2b22e83a6100a6d58874c9b03873a"
      }
    }
  ],
  "version" : 3
}
